
Microsoft Visual Studio Solution File, Format Version 12.00
# Visual Studio 15
VisualStudioVersion = 15.0.28010.2050
MinimumVisualStudioVersion = 10.0.40219.1
Project("{9A19103F-16F7-4668-BE54-9A1E7A4F7556}") = "Pluralsight.Maybe", "Pluralsight.Maybe\Pluralsight.Maybe.csproj", "{27203E13-FA63-460F-8E6B-99667B1FD154}"
EndProject
Project("{FAE04EC0-301F-11D3-BF4B-00C04F79EFBC}") = "Pluralsight.Maybe.Specs", "Pluralsight.Maybe.Specs\Pluralsight.Maybe.Specs.csproj", "{F3181D72-8BBA-4007-9F1D-F8BAAC444741}"
EndProject
Project("{FAE04EC0-301F-11D3-BF4B-00C04F79EFBC}") = "Pluralsight.Maybe.46", "Pluralsight.Maybe.46\Pluralsight.Maybe.46.csproj", "{174500A9-4DB6-4A0E-8973-363380C0A7AC}"
EndProject
Project("{FAE04EC0-301F-11D3-BF4B-00C04F79EFBC}") = "Pluralsight.Maybe.452", "Pluralsight.Maybe.452\Pluralsight.Maybe.452.csproj", "{0985F524-8784-4A64-B35A-9D29ABF585CE}"
EndProject
Project("{FAE04EC0-301F-11D3-BF4B-00C04F79EFBC}") = "Pluralsight.Maybe.451", "Pluralsight.Maybe.451\Pluralsight.Maybe.451.csproj", "{BB34BF5E-B689-428F-89EA-D39DA253584E}"
EndProject
Project("{2150E333-8FDC-42A3-9474-1A3956D46DE8}") = "Solution Items", "Solution Items", "{31C71A4A-7FD5-4DDC-AF3A-B5E633D90AEB}"
	ProjectSection(SolutionItems) = preProject
		README.md = README.md
	EndProjectSection
EndProject
Project("{FAE04EC0-301F-11D3-BF4B-00C04F79EFBC}") = "Pluralsight.Maybe.461", "Pluralsight.Maybe.461\Pluralsight.Maybe.461.csproj", "{DC6AB05F-96EC-4BF9-8AA2-4953E1938076}"
EndProject
Global
	GlobalSection(SolutionConfigurationPlatforms) = preSolution
		Debug|Any CPU = Debug|Any CPU
		Release|Any CPU = Release|Any CPU
	EndGlobalSection
	GlobalSection(ProjectConfigurationPlatforms) = postSolution
		{27203E13-FA63-460F-8E6B-99667B1FD154}.Debug|Any CPU.ActiveCfg = Debug|Any CPU
		{27203E13-FA63-460F-8E6B-99667B1FD154}.Debug|Any CPU.Build.0 = Debug|Any CPU
		{27203E13-FA63-460F-8E6B-99667B1FD154}.Release|Any CPU.ActiveCfg = Release|Any CPU
		{27203E13-FA63-460F-8E6B-99667B1FD154}.Release|Any CPU.Build.0 = Release|Any CPU
		{F3181D72-8BBA-4007-9F1D-F8BAAC444741}.Debug|Any CPU.ActiveCfg = Debug|Any CPU
		{F3181D72-8BBA-4007-9F1D-F8BAAC444741}.Debug|Any CPU.Build.0 = Debug|Any CPU
		{F3181D72-8BBA-4007-9F1D-F8BAAC444741}.Release|Any CPU.ActiveCfg = Release|Any CPU
		{F3181D72-8BBA-4007-9F1D-F8BAAC444741}.Release|Any CPU.Build.0 = Release|Any CPU
		{174500A9-4DB6-4A0E-8973-363380C0A7AC}.Debug|Any CPU.ActiveCfg = Debug|Any CPU
		{174500A9-4DB6-4A0E-8973-363380C0A7AC}.Debug|Any CPU.Build.0 = Debug|Any CPU
		{174500A9-4DB6-4A0E-8973-363380C0A7AC}.Release|Any CPU.ActiveCfg = Release|Any CPU
		{174500A9-4DB6-4A0E-8973-363380C0A7AC}.Release|Any CPU.Build.0 = Release|Any CPU
		{0985F524-8784-4A64-B35A-9D29ABF585CE}.Debug|Any CPU.ActiveCfg = Debug|Any CPU
		{0985F524-8784-4A64-B35A-9D29ABF585CE}.Debug|Any CPU.Build.0 = Debug|Any CPU
		{0985F524-8784-4A64-B35A-9D29ABF585CE}.Release|Any CPU.ActiveCfg = Release|Any CPU
		{0985F524-8784-4A64-B35A-9D29ABF585CE}.Release|Any CPU.Build.0 = Release|Any CPU
		{BB34BF5E-B689-428F-89EA-D39DA253584E}.Debug|Any CPU.ActiveCfg = Debug|Any CPU
		{BB34BF5E-B689-428F-89EA-D39DA253584E}.Debug|Any CPU.Build.0 = Debug|Any CPU
		{BB34BF5E-B689-428F-89EA-D39DA253584E}.Release|Any CPU.ActiveCfg = Release|Any CPU
		{BB34BF5E-B689-428F-89EA-D39DA253584E}.Release|Any CPU.Build.0 = Release|Any CPU
		{DC6AB05F-96EC-4BF9-8AA2-4953E1938076}.Debug|Any CPU.ActiveCfg = Debug|Any CPU
		{DC6AB05F-96EC-4BF9-8AA2-4953E1938076}.Debug|Any CPU.Build.0 = Debug|Any CPU
		{DC6AB05F-96EC-4BF9-8AA2-4953E1938076}.Release|Any CPU.ActiveCfg = Release|Any CPU
		{DC6AB05F-96EC-4BF9-8AA2-4953E1938076}.Release|Any CPU.Build.0 = Release|Any CPU
	EndGlobalSection
	GlobalSection(SolutionProperties) = preSolution
		HideSolutionNode = FALSE
	EndGlobalSection
	GlobalSection(ExtensibilityGlobals) = postSolution
		SolutionGuid = {A5980658-AA0E-4F2D-9AA5-93FFEC7B0CD4}
	EndGlobalSection
EndGlobal
